{
  "nodes": {
    "root": {
      "inputs": {
        "systemd253": "systemd253"
      }
    },
    "systemd253": {
      "locked": {
        "lastModified": 1698663625,
        "narHash": "sha256-WVaeOWh378vf7xYcZyUTrUTNMhL3DYuW8W+I9vyQX38=",
        "owner": "NixOS",
        "repo": "nixpkgs",
        "rev": "ac1dd9de6ce5e3040c49101f21f204744905f418",
        "type": "github"
      },
      "original": {
        "owner": "NixOS",
        "repo": "nixpkgs",
        "rev": "ac1dd9de6ce5e3040c49101f21f204744905f418",
        "type": "github"
      }
    }
  },
  "root": "root",
  "version": 7
}
